// !$*UTF8*$!
{
	archiveVersion = 1;
	classes = {
	};
	objectVersion = 50;
	objects = {

/* Begin PBXBuildFile section */
		007A65BE23D88DAB00296DF6 /* AppDelegate.swift in Sources */ = {isa = PBXBuildFile; fileRef = 007A65BD23D88DAB00296DF6 /* AppDelegate.swift */; };
		007A65C023D88DAB00296DF6 /* SceneDelegate.swift in Sources */ = {isa = PBXBuildFile; fileRef = 007A65BF23D88DAB00296DF6 /* SceneDelegate.swift */; };
		007A65C223D88DAB00296DF6 /* CategoriesVC.swift in Sources */ = {isa = PBXBuildFile; fileRef = 007A65C123D88DAB00296DF6 /* CategoriesVC.swift */; };
		007A65C523D88DAB00296DF6 /* Main.storyboard in Resources */ = {isa = PBXBuildFile; fileRef = 007A65C323D88DAB00296DF6 /* Main.storyboard */; };
		007A65C723D88DAC00296DF6 /* Assets.xcassets in Resources */ = {isa = PBXBuildFile; fileRef = 007A65C623D88DAC00296DF6 /* Assets.xcassets */; };
		007A65CA23D88DAC00296DF6 /* LaunchScreen.storyboard in Resources */ = {isa = PBXBuildFile; fileRef = 007A65C823D88DAC00296DF6 /* LaunchScreen.storyboard */; };
		007A65D523D8928400296DF6 /* CategoryCell.swift in Sources */ = {isa = PBXBuildFile; fileRef = 007A65D423D8928400296DF6 /* CategoryCell.swift */; };
		007A65D723D89E4600296DF6 /* Category.swift in Sources */ = {isa = PBXBuildFile; fileRef = 007A65D623D89E4600296DF6 /* Category.swift */; };
		007A65DA23D89FF700296DF6 /* DataService.swift in Sources */ = {isa = PBXBuildFile; fileRef = 007A65D923D89FF700296DF6 /* DataService.swift */; };
		007A65DC23D8BE2700296DF6 /* ProductCell.swift in Sources */ = {isa = PBXBuildFile; fileRef = 007A65DB23D8BE2700296DF6 /* ProductCell.swift */; };
/* End PBXBuildFile section */

/* Begin PBXFileReference section */
		007A65BA23D88DAB00296DF6 /* coder-swag.app */ = {isa = PBXFileReference; explicitFileType = wrapper.application; includeInIndex = 0; path = "coder-swag.app"; sourceTree = BUILT_PRODUCTS_DIR; };
		007A65BD23D88DAB00296DF6 /* AppDelegate.swift */ = {isa = PBXFileReference; lastKnownFileType = sourcecode.swift; path = AppDelegate.swift; sourceTree = "<group>"; };
		007A65BF23D88DAB00296DF6 /* SceneDelegate.swift */ = {isa = PBXFileReference; lastKnownFileType = sourcecode.swift; path = SceneDelegate.swift; sourceTree = "<group>"; };
		007A65C123D88DAB00296DF6 /* CategoriesVC.swift */ = {isa = PBXFileReference; lastKnownFileType = sourcecode.swift; path = CategoriesVC.swift; sourceTree = "<group>"; };
		007A65C423D88DAB00296DF6 /* Base */ = {isa = PBXFileReference; lastKnownFileType = file.storyboard; name = Base; path = Base.lproj/Main.storyboard; sourceTree = "<group>"; };
		007A65C623D88DAC00296DF6 /* Assets.xcassets */ = {isa = PBXFileReference; lastKnownFileType = folder.assetcatalog; path = Assets.xcassets; sourceTree = "<group>"; };
		007A65C923D88DAC00296DF6 /* Base */ = {isa = PBXFileReference; lastKnownFileType = file.storyboard; name = Base; path = Base.lproj/LaunchScreen.storyboard; sourceTree = "<group>"; };
		007A65CB23D88DAC00296DF6 /* Info.plist */ = {isa = PBXFileReference; lastKnownFileType = text.plist.xml; path = Info.plist; sourceTree = "<group>"; };
		007A65D423D8928400296DF6 /* CategoryCell.swift */ = {isa = PBXFileReference; lastKnownFileType = sourcecode.swift; path = CategoryCell.swift; sourceTree = "<group>"; };
		007A65D623D89E4600296DF6 /* Category.swift */ = {isa = PBXFileReference; lastKnownFileType = sourcecode.swift; path = Category.swift; sourceTree = "<group>"; };
		007A65D923D89FF700296DF6 /* DataService.swift */ = {isa = PBXFileReference; lastKnownFileType = sourcecode.swift; path = DataService.swift; sourceTree = "<group>"; };
		007A65DB23D8BE2700296DF6 /* ProductCell.swift */ = {isa = PBXFileReference; lastKnownFileType = sourcecode.swift; path = ProductCell.swift; sourceTree = "<group>"; };
/* End PBXFileReference section */

/* Begin PBXFrameworksBuildPhase section */
		007A65B723D88DAB00296DF6 /* Frameworks */ = {
			isa = PBXFrameworksBuildPhase;
			buildActionMask = 2147483647;
			files = (
			);
			runOnlyForDeploymentPostprocessing = 0;
		};
/* End PBXFrameworksBuildPhase section */

/* Begin PBXGroup section */
		007A65B123D88DAB00296DF6 = {
			isa = PBXGroup;
			children = (
				007A65BC23D88DAB00296DF6 /* coder-swag */,
				007A65BB23D88DAB00296DF6 /* Products */,
			);
			sourceTree = "<group>";
		};
		007A65BB23D88DAB00296DF6 /* Products */ = {
			isa = PBXGroup;
			children = (
				007A65BA23D88DAB00296DF6 /* coder-swag.app */,
			);
			name = Products;
			sourceTree = "<group>";
		};
		007A65BC23D88DAB00296DF6 /* coder-swag */ = {
			isa = PBXGroup;
			children = (
				007A65D823D89FE500296DF6 /* Services */,
				007A65D223D891DB00296DF6 /* Model */,
				007A65D323D891E200296DF6 /* Views */,
				007A65D123D891D400296DF6 /* Controller */,
				007A65BD23D88DAB00296DF6 /* AppDelegate.swift */,
				007A65BF23D88DAB00296DF6 /* SceneDelegate.swift */,
				007A65C323D88DAB00296DF6 /* Main.storyboard */,
				007A65C623D88DAC00296DF6 /* Assets.xcassets */,
				007A65C823D88DAC00296DF6 /* LaunchScreen.storyboard */,
				007A65CB23D88DAC00296DF6 /* Info.plist */,
			);
			path = "coder-swag";
			sourceTree = "<group>";
		};
		007A65D123D891D400296DF6 /* Controller */ = {
			isa = PBXGroup;
			children = (
				007A65C123D88DAB00296DF6 /* CategoriesVC.swift */,
			);
			path = Controller;
			sourceTree = "<group>";
		};
		007A65D223D891DB00296DF6 /* Model */ = {
			isa = PBXGroup;
			children = (
				007A65D623D89E4600296DF6 /* Category.swift */,
			);
			path = Model;
			sourceTree = "<group>";
		};
		007A65D323D891E200296DF6 /* Views */ = {
			isa = PBXGroup;
			children = (
				007A65D423D8928400296DF6 /* CategoryCell.swift */,
				007A65DB23D8BE2700296DF6 /* ProductCell.swift */,
			);
			path = Views;
			sourceTree = "<group>";
		};
		007A65D823D89FE500296DF6 /* Services */ = {
			isa = PBXGroup;
			children = (
				007A65D923D89FF700296DF6 /* DataService.swift */,
			);
			path = Services;
			sourceTree = "<group>";
		};
/* End PBXGroup section */

/* Begin PBXNativeTarget section */
		007A65B923D88DAB00296DF6 /* coder-swag */ = {
			isa = PBXNativeTarget;
			buildConfigurationList = 007A65CE23D88DAC00296DF6 /* Build configuration list for PBXNativeTarget "coder-swag" */;
			buildPhases = (
				007A65B623D88DAB00296DF6 /* Sources */,
				007A65B723D88DAB00296DF6 /* Frameworks */,
				007A65B823D88DAB00296DF6 /* Resources */,
			);
			buildRules = (
			);
			dependencies = (
			);
			name = "coder-swag";
			productName = "coder-swag";
			productReference = 007A65BA23D88DAB00296DF6 /* coder-swag.app */;
			productType = "com.apple.product-type.application";
		};
/* End PBXNativeTarget section */

/* Begin PBXProject section */
		007A65B223D88DAB00296DF6 /* Project object */ = {
			isa = PBXProject;
			attributes = {
				LastSwiftUpdateCheck = 1130;
				LastUpgradeCheck = 1130;
				ORGANIZATIONNAME = "Ден";
				TargetAttributes = {
					007A65B923D88DAB00296DF6 = {
						CreatedOnToolsVersion = 11.3.1;
					};
				};
			};
			buildConfigurationList = 007A65B523D88DAB00296DF6 /* Build configuration list for PBXProject "coder-swag" */;
			compatibilityVersion = "Xcode 9.3";
			developmentRegion = en;
			hasScannedForEncodings = 0;
			knownRegions = (
				en,
				Base,
			);
			mainGroup = 007A65B123D88DAB00296DF6;
			productRefGroup = 007A65BB23D88DAB00296DF6 /* Products */;
			projectDirPath = "";
			projectRoot = "";
			targets = (
				007A65B923D88DAB00296DF6 /* coder-swag */,
			);
		};
/* End PBXProject section */

/* Begin PBXResourcesBuildPhase section */
		007A65B823D88DAB00296DF6 /* Resources */ = {
			isa = PBXResourcesBuildPhase;
			buildActionMask = 2147483647;
			files = (
				007A65CA23D88DAC00296DF6 /* LaunchScreen.storyboard in Resources */,
				007A65C723D88DAC00296DF6 /* Assets.xcassets in Resources */,
				007A65C523D88DAB00296DF6 /* Main.storyboard in Resources */,
			);
			runOnlyForDeploymentPostprocessing = 0;
		};
/* End PBXResourcesBuildPhase section */

/* Begin PBXSourcesBuildPhase section */
		007A65B623D88DAB00296DF6 /* Sources */ = {
			isa = PBXSourcesBuildPhase;
			buildActionMask = 2147483647;
			files = (
				007A65C223D88DAB00296DF6 /* CategoriesVC.swift in Sources */,
				007A65D723D89E4600296DF6 /* Category.swift in Sources */,
				007A65BE23D88DAB00296DF6 /* AppDelegate.swift in Sources */,
				007A65DA23D89FF700296DF6 /* DataService.swift in Sources */,
				007A65C023D88DAB00296DF6 /* SceneDelegate.swift in Sources */,
				007A65DC23D8BE2700296DF6 /* ProductCell.swift in Sources */,
				007A65D523D8928400296DF6 /* CategoryCell.swift in Sources */,
			);
			runOnlyForDeploymentPostprocessing = 0;
		};
/* End PBXSourcesBuildPhase section */

/* Begin PBXVariantGroup section */
		007A65C323D88DAB00296DF6 /* Main.storyboard */ = {
			isa = PBXVariantGroup;
			children = (
				007A65C423D88DAB00296DF6 /* Base */,
			);
			name = Main.storyboard;
			sourceTree = "<group>";
		};
		007A65C823D88DAC00296DF6 /* LaunchScreen.storyboard */ = {
			isa = PBXVariantGroup;
			children = (
				007A65C923D88DAC00296DF6 /* Base */,
			);
			name = LaunchScreen.storyboard;
			sourceTree = "<group>";
		};
/* End PBXVariantGroup section */

/* Begin XCBuildConfiguration section */
		007A65CC23D88DAC00296DF6 /* Debug */ = {
			isa = XCBuildConfiguration;
			buildSettings = {
				ALWAYS_SEARCH_USER_PATHS = NO;
				CLANG_ANALYZER_NONNULL = YES;
				CLANG_ANALYZER_NUMBER_OBJECT_CONVERSION = YES_AGGRESSIVE;
				CLANG_CXX_LANGUAGE_STANDARD = "gnu++14";
				CLANG_CXX_LIBRARY = "libc++";
				CLANG_ENABLE_MODULES = YES;
				CLANG_ENABLE_OBJC_ARC = YES;
				CLANG_ENABLE_OBJC_WEAK = YES;
				CLANG_WARN_BLOCK_CAPTURE_AUTORELEASING = YES;
				CLANG_WARN_BOOL_CONVERSION = YES;
				CLANG_WARN_COMMA = YES;
				CLANG_WARN_CONSTANT_CONVERSION = YES;
				CLANG_WARN_DEPRECATED_OBJC_IMPLEMENTATIONS = YES;
				CLANG_WARN_DIRECT_OBJC_ISA_USAGE = YES_ERROR;
				CLANG_WARN_DOCUMENTATION_COMMENTS = YES;
				CLANG_WARN_EMPTY_BODY = YES;
				CLANG_WARN_ENUM_CONVERSION = YES;
				CLANG_WARN_INFINITE_RECURSION = YES;
				CLANG_WARN_INT_CONVERSION = YES;
				CLANG_WARN_NON_LITERAL_NULL_CONVERSION = YES;
				CLANG_WARN_OBJC_IMPLICIT_RETAIN_SELF = YES;
				CLANG_WARN_OBJC_LITERAL_CONVERSION = YES;
				CLANG_WARN_OBJC_ROOT_CLASS = YES_ERROR;
				CLANG_WARN_RANGE_LOOP_ANALYSIS = YES;
				CLANG_WARN_STRICT_PROTOTYPES = YES;
				CLANG_WARN_SUSPICIOUS_MOVE = YES;
				CLANG_WARN_UNGUARDED_AVAILABILITY = YES_AGGRESSIVE;
				CLANG_WARN_UNREACHABLE_CODE = YES;
				CLANG_WARN__DUPLICATE_METHOD_MATCH = YES;
				COPY_PHASE_STRIP = NO;
				DEBUG_INFORMATION_FORMAT = dwarf;
				ENABLE_STRICT_OBJC_MSGSEND = YES;
				ENABLE_TESTABILITY = YES;
				GCC_C_LANGUAGE_STANDARD = gnu11;
				GCC_DYNAMIC_NO_PIC = NO;
				GCC_NO_COMMON_BLOCKS = YES;
				GCC_OPTIMIZATION_LEVEL = 0;
				GCC_PREPROCESSOR_DEFINITIONS = (
					"DEBUG=1",
					"$(inherited)",
				);
				GCC_WARN_64_TO_32_BIT_CONVERSION = YES;
				GCC_WARN_ABOUT_RETURN_TYPE = YES_ERROR;
				GCC_WARN_UNDECLARED_SELECTOR = YES;
				GCC_WARN_UNINITIALIZED_AUTOS = YES_AGGRESSIVE;
				GCC_WARN_UNUSED_FUNCTION = YES;
				GCC_WARN_UNUSED_VARIABLE = YES;
				IPHONEOS_DEPLOYMENT_TARGET = 13.2;
				MTL_ENABLE_DEBUG_INFO = INCLUDE_SOURCE;
				MTL_FAST_MATH = YES;
				ONLY_ACTIVE_ARCH = YES;
				SDKROOT = iphoneos;
				SWIFT_ACTIVE_COMPILATION_CONDITIONS = DEBUG;
				SWIFT_OPTIMIZATION_LEVEL = "-Onone";
			};
			name = Debug;
		};
		007A65CD23D88DAC00296DF6 /* Release */ = {
			isa = XCBuildConfiguration;
			buildSettings = {
				ALWAYS_SEARCH_USER_PATHS = NO;
				CLANG_ANALYZER_NONNULL = YES;
				CLANG_ANALYZER_NUMBER_OBJECT_CONVERSION = YES_AGGRESSIVE;
				CLANG_CXX_LANGUAGE_STANDARD = "gnu++14";
				CLANG_CXX_LIBRARY = "libc++";
				CLANG_ENABLE_MODULES = YES;
				CLANG_ENABLE_OBJC_ARC = YES;
				CLANG_ENABLE_OBJC_WEAK = YES;
				CLANG_WARN_BLOCK_CAPTURE_AUTORELEASING = YES;
				CLANG_WARN_BOOL_CONVERSION = YES;
				CLANG_WARN_COMMA = YES;
				CLANG_WARN_CONSTANT_CONVERSION = YES;
				CLANG_WARN_DEPRECATED_OBJC_IMPLEMENTATIONS = YES;
				CLANG_WARN_DIRECT_OBJC_ISA_USAGE = YES_ERROR;
				CLANG_WARN_DOCUMENTATION_COMMENTS = YES;
				CLANG_WARN_EMPTY_BODY = YES;
				CLANG_WARN_ENUM_CONVERSION = YES;
				CLANG_WARN_INFINITE_RECURSION = YES;
				CLANG_WARN_INT_CONVERSION = YES;
				CLANG_WARN_NON_LITERAL_NULL_CONVERSION = YES;
				CLANG_WARN_OBJC_IMPLICIT_RETAIN_SELF = YES;
				CLANG_WARN_OBJC_LITERAL_CONVERSION = YES;
				CLANG_WARN_OBJC_ROOT_CLASS = YES_ERROR;
				CLANG_WARN_RANGE_LOOP_ANALYSIS = YES;
				CLANG_WARN_STRICT_PROTOTYPES = YES;
				CLANG_WARN_SUSPICIOUS_MOVE = YES;
				CLANG_WARN_UNGUARDED_AVAILABILITY = YES_AGGRESSIVE;
				CLANG_WARN_UNREACHABLE_CODE = YES;
				CLANG_WARN__DUPLICATE_METHOD_MATCH = YES;
				COPY_PHASE_STRIP = NO;
				DEBUG_INFORMATION_FORMAT = "dwarf-with-dsym";
				ENABLE_NS_ASSERTIONS = NO;
				ENABLE_STRICT_OBJC_MSGSEND = YES;
				GCC_C_LANGUAGE_STANDARD = gnu11;
				GCC_NO_COMMON_BLOCKS = YES;
				GCC_WARN_64_TO_32_BIT_CONVERSION = YES;
				GCC_WARN_ABOUT_RETURN_TYPE = YES_ERROR;
				GCC_WARN_UNDECLARED_SELECTOR = YES;
				GCC_WARN_UNINITIALIZED_AUTOS = YES_AGGRESSIVE;
				GCC_WARN_UNUSED_FUNCTION = YES;
				GCC_WARN_UNUSED_VARIABLE = YES;
				IPHONEOS_DEPLOYMENT_TARGET = 13.2;
				MTL_ENABLE_DEBUG_INFO = NO;
				MTL_FAST_MATH = YES;
				SDKROOT = iphoneos;
				SWIFT_COMPILATION_MODE = wholemodule;
				SWIFT_OPTIMIZATION_LEVEL = "-O";
				VALIDATE_PRODUCT = YES;
			};
			name = Release;
		};
		007A65CF23D88DAC00296DF6 /* Debug */ = {
			isa = XCBuildConfiguration;
			buildSettings = {
				ASSETCATALOG_COMPILER_APPICON_NAME = AppIcon;
				CODE_SIGN_STYLE = Automatic;
				DEVELOPMENT_TEAM = 58HXQ9UR8R;
				INFOPLIST_FILE = "coder-swag/Info.plist";
				LD_RUNPATH_SEARCH_PATHS = (
					"$(inherited)",
					"@executable_path/Frameworks",
				);
				PRODUCT_BUNDLE_IDENTIFIER = "com.denis.coder-swag";
				PRODUCT_NAME = "$(TARGET_NAME)";
				SWIFT_VERSION = 5.0;
				TARGETED_DEVICE_FAMILY = "1,2";
			};
			name = Debug;
		};
		007A65D023D88DAC00296DF6 /* Release */ = {
			isa = XCBuildConfiguration;
			buildSettings = {
				ASSETCATALOG_COMPILER_APPICON_NAME = AppIcon;
				CODE_SIGN_STYLE = Automatic;
				DEVELOPMENT_TEAM = 58HXQ9UR8R;
				INFOPLIST_FILE = "coder-swag/Info.plist";
				LD_RUNPATH_SEARCH_PATHS = (
					"$(inherited)",
					"@executable_path/Frameworks",
				);
				PRODUCT_BUNDLE_IDENTIFIER = "com.denis.coder-swag";
				PRODUCT_NAME = "$(TARGET_NAME)";
				SWIFT_VERSION = 5.0;
				TARGETED_DEVICE_FAMILY = "1,2";
			};
			name = Release;
		};
/* End XCBuildConfiguration section */

/* Begin XCConfigurationList section */
		007A65B523D88DAB00296DF6 /* Build configuration list for PBXProject "coder-swag" */ = {
			isa = XCConfigurationList;
			buildConfigurations = (
				007A65CC23D88DAC00296DF6 /* Debug */,
				007A65CD23D88DAC00296DF6 /* Release */,
			);
			defaultConfigurationIsVisible = 0;
			defaultConfigurationName = Release;
		};
		007A65CE23D88DAC00296DF6 /* Build configuration list for PBXNativeTarget "coder-swag" */ = {
			isa = XCConfigurationList;
			buildConfigurations = (
				007A65CF23D88DAC00296DF6 /* Debug */,
				007A65D023D88DAC00296DF6 /* Release */,
			);
			defaultConfigurationIsVisible = 0;
			defaultConfigurationName = Release;
		};
/* End XCConfigurationList section */
	};
	rootObject = 007A65B223D88DAB00296DF6 /* Project object */;
}
